
Microsoft Visual Studio Solution File, Format Version 12.00
# Visual Studio 15
VisualStudioVersion = 15.0.28307.168
MinimumVisualStudioVersion = 10.0.40219.1
Project("{FAE04EC0-301F-11D3-BF4B-00C04F79EFBC}") = "WindowDemo1", "WindowDemo1\WindowDemo1.csproj", "{C031F468-0525-4B08-A26C-7B428DEA1503}"
EndProject
Global
	GlobalSection(SolutionConfigurationPlatforms) = preSolution
		Debug|Any CPU = Debug|Any CPU
		Release|Any CPU = Release|Any CPU
	EndGlobalSection
	GlobalSection(ProjectConfigurationPlatforms) = postSolution
		{C031F468-0525-4B08-A26C-7B428DEA1503}.Debug|Any CPU.ActiveCfg = Debug|Any CPU
		{C031F468-0525-4B08-A26C-7B428DEA1503}.Debug|Any CPU.Build.0 = Debug|Any CPU
		{C031F468-0525-4B08-A26C-7B428DEA1503}.Release|Any CPU.ActiveCfg = Release|Any CPU
		{C031F468-0525-4B08-A26C-7B428DEA1503}.Release|Any CPU.Build.0 = Release|Any CPU
	EndGlobalSection
	GlobalSection(SolutionProperties) = preSolution
		HideSolutionNode = FALSE
	EndGlobalSection
	GlobalSection(ExtensibilityGlobals) = postSolution
		SolutionGuid = {063EE779-A8AC-46C1-987F-1E36212B4C90}
	EndGlobalSection
EndGlobal
